// !$*UTF8*$!
{
	archiveVersion = 1;
	classes = {
	};
	objectVersion = 46;
	objects = {

/* Begin PBXBuildFile section */
		1FB48A7A1913EAFF002B20F1 /* Cocoa.framework in Frameworks */ = {isa = PBXBuildFile; fileRef = 1FB48A791913EAFF002B20F1 /* Cocoa.framework */; };
		1FB48A841913EAFF002B20F1 /* InfoPlist.strings in Resources */ = {isa = PBXBuildFile; fileRef = 1FB48A821913EAFF002B20F1 /* InfoPlist.strings */; };
		1FB48A861913EAFF002B20F1 /* main.m in Sources */ = {isa = PBXBuildFile; fileRef = 1FB48A851913EAFF002B20F1 /* main.m */; };
		1FB48A8A1913EAFF002B20F1 /* Credits.rtf in Resources */ = {isa = PBXBuildFile; fileRef = 1FB48A881913EAFF002B20F1 /* Credits.rtf */; };
		1FB48A8D1913EAFF002B20F1 /* NKDAppDelegate.m in Sources */ = {isa = PBXBuildFile; fileRef = 1FB48A8C1913EAFF002B20F1 /* NKDAppDelegate.m */; };
		1FB48A921913EAFF002B20F1 /* Images.xcassets in Resources */ = {isa = PBXBuildFile; fileRef = 1FB48A911913EAFF002B20F1 /* Images.xcassets */; };
		1FB48A991913EAFF002B20F1 /* XCTest.framework in Frameworks */ = {isa = PBXBuildFile; fileRef = 1FB48A981913EAFF002B20F1 /* XCTest.framework */; };
		1FB48A9A1913EAFF002B20F1 /* Cocoa.framework in Frameworks */ = {isa = PBXBuildFile; fileRef = 1FB48A791913EAFF002B20F1 /* Cocoa.framework */; };
		1FB48AA21913EAFF002B20F1 /* InfoPlist.strings in Resources */ = {isa = PBXBuildFile; fileRef = 1FB48AA01913EAFF002B20F1 /* InfoPlist.strings */; };
		1FB48AA41913EAFF002B20F1 /* Barcode_GeneratorTests.m in Sources */ = {isa = PBXBuildFile; fileRef = 1FB48AA31913EAFF002B20F1 /* Barcode_GeneratorTests.m */; };
		1FB48AD71913EB1B002B20F1 /* NKDBarcode.m in Sources */ = {isa = PBXBuildFile; fileRef = 1FB48AC31913EB1B002B20F1 /* NKDBarcode.m */; };
		1FB48AD81913EB1B002B20F1 /* NKDCode39Barcode.m in Sources */ = {isa = PBXBuildFile; fileRef = 1FB48AC41913EB1B002B20F1 /* NKDCode39Barcode.m */; };
		1FB48AD91913EB1B002B20F1 /* NKDExtendedCode39Barcode.m in Sources */ = {isa = PBXBuildFile; fileRef = 1FB48AC51913EB1B002B20F1 /* NKDExtendedCode39Barcode.m */; };
		1FB48ADA1913EB1B002B20F1 /* NKDInterleavedTwoOfFiveBarcode.m in Sources */ = {isa = PBXBuildFile; fileRef = 1FB48AC61913EB1B002B20F1 /* NKDInterleavedTwoOfFiveBarcode.m */; };
		1FB48ADB1913EB1B002B20F1 /* NKDModifiedPlesseyBarcode.m in Sources */ = {isa = PBXBuildFile; fileRef = 1FB48AC71913EB1B002B20F1 /* NKDModifiedPlesseyBarcode.m */; };
		1FB48ADC1913EB1B002B20F1 /* NKDPostnetBarcode.m in Sources */ = {isa = PBXBuildFile; fileRef = 1FB48AC81913EB1B002B20F1 /* NKDPostnetBarcode.m */; };
		1FB48ADD1913EB1B002B20F1 /* NKDUPCABarcode.m in Sources */ = {isa = PBXBuildFile; fileRef = 1FB48AC91913EB1B002B20F1 /* NKDUPCABarcode.m */; };
		1FB48ADE1913EB1B002B20F1 /* NKDModifiedPlesseyHexBarcode.m in Sources */ = {isa = PBXBuildFile; fileRef = 1FB48ACA1913EB1B002B20F1 /* NKDModifiedPlesseyHexBarcode.m */; };
		1FB48ADF1913EB1B002B20F1 /* NKDIndustrialTwoOfFiveBarcode.m in Sources */ = {isa = PBXBuildFile; fileRef = 1FB48ACB1913EB1B002B20F1 /* NKDIndustrialTwoOfFiveBarcode.m */; };
		1FB48AE01913EB1B002B20F1 /* NKDEAN13Barcode.m in Sources */ = {isa = PBXBuildFile; fileRef = 1FB48ACC1913EB1B002B20F1 /* NKDEAN13Barcode.m */; };
		1FB48AE11913EB1B002B20F1 /* NKDCode128Barcode.m in Sources */ = {isa = PBXBuildFile; fileRef = 1FB48ACD1913EB1B002B20F1 /* NKDCode128Barcode.m */; };
		1FB48AE21913EB1B002B20F1 /* NKDAbstractUPCEANBarcode.m in Sources */ = {isa = PBXBuildFile; fileRef = 1FB48ACE1913EB1B002B20F1 /* NKDAbstractUPCEANBarcode.m */; };
		1FB48AE31913EB1B002B20F1 /* NKDCodabarBarcode.m in Sources */ = {isa = PBXBuildFile; fileRef = 1FB48ACF1913EB1B002B20F1 /* NKDCodabarBarcode.m */; };
		1FB48AE41913EB1B002B20F1 /* NKDUPCEBarcode.m in Sources */ = {isa = PBXBuildFile; fileRef = 1FB48AD01913EB1B002B20F1 /* NKDUPCEBarcode.m */; };
		1FB48AE51913EB1B002B20F1 /* NKDEAN8Barcode.m in Sources */ = {isa = PBXBuildFile; fileRef = 1FB48AD11913EB1B002B20F1 /* NKDEAN8Barcode.m */; };
		1FB48AE61913EB1B002B20F1 /* NKDBarcodeOffscreenView.m in Sources */ = {isa = PBXBuildFile; fileRef = 1FB48AD21913EB1B002B20F1 /* NKDBarcodeOffscreenView.m */; };
		1FB48AE71913EB1B002B20F1 /* NKDBarcodeImageView.m in Sources */ = {isa = PBXBuildFile; fileRef = 1FB48AD31913EB1B002B20F1 /* NKDBarcodeImageView.m */; };
		1FB48AE81913EB1B002B20F1 /* NKDRoyalMailBarcode.m in Sources */ = {isa = PBXBuildFile; fileRef = 1FB48AD41913EB1B002B20F1 /* NKDRoyalMailBarcode.m */; };
		1FB48AE91913EB1B002B20F1 /* NKDPlanetBarcode.m in Sources */ = {isa = PBXBuildFile; fileRef = 1FB48AD51913EB1B002B20F1 /* NKDPlanetBarcode.m */; };
		1FB48AEA1913EB1B002B20F1 /* JapanPostBarcode.m in Sources */ = {isa = PBXBuildFile; fileRef = 1FB48AD61913EB1B002B20F1 /* JapanPostBarcode.m */; };
		1FB48AF11913EB25002B20F1 /* NSImage-NKDBarcode.m in Sources */ = {isa = PBXBuildFile; fileRef = 1FB48AEE1913EB25002B20F1 /* NSImage-NKDBarcode.m */; };
		1FB48AF21913EB25002B20F1 /* NSImage-Normalize.m in Sources */ = {isa = PBXBuildFile; fileRef = 1FB48AEF1913EB25002B20F1 /* NSImage-Normalize.m */; };
		1FB48AF31913EB25002B20F1 /* NSString-UPCEAN.m in Sources */ = {isa = PBXBuildFile; fileRef = 1FB48AF01913EB25002B20F1 /* NSString-UPCEAN.m */; };
		1FB48AF51913EF6C002B20F1 /* barcode.icns in Resources */ = {isa = PBXBuildFile; fileRef = 1FB48AF41913EF6C002B20F1 /* barcode.icns */; };
		1FB48AF71913F1F8002B20F1 /* MainMenu.nib in Resources */ = {isa = PBXBuildFile; fileRef = 1FB48AF61913F1F8002B20F1 /* MainMenu.nib */; };
		1FB48AFA1913F241002B20F1 /* NKDBarcodeTestScaffoldController.m in Sources */ = {isa = PBXBuildFile; fileRef = 1FB48AF91913F241002B20F1 /* NKDBarcodeTestScaffoldController.m */; };
/* End PBXBuildFile section */

/* Begin PBXContainerItemProxy section */
		1FB48A9B1913EAFF002B20F1 /* PBXContainerItemProxy */ = {
			isa = PBXContainerItemProxy;
			containerPortal = 1FB48A6E1913EAFF002B20F1 /* Project object */;
			proxyType = 1;
			remoteGlobalIDString = 1FB48A751913EAFF002B20F1;
			remoteInfo = "Barcode Generator";
		};
/* End PBXContainerItemProxy section */

/* Begin PBXFileReference section */
		1FB48A761913EAFF002B20F1 /* Barcode Generator.app */ = {isa = PBXFileReference; explicitFileType = wrapper.application; includeInIndex = 0; path = "Barcode Generator.app"; sourceTree = BUILT_PRODUCTS_DIR; };
		1FB48A791913EAFF002B20F1 /* Cocoa.framework */ = {isa = PBXFileReference; lastKnownFileType = wrapper.framework; name = Cocoa.framework; path = System/Library/Frameworks/Cocoa.framework; sourceTree = SDKROOT; };
		1FB48A7C1913EAFF002B20F1 /* AppKit.framework */ = {isa = PBXFileReference; lastKnownFileType = wrapper.framework; name = AppKit.framework; path = System/Library/Frameworks/AppKit.framework; sourceTree = SDKROOT; };
		1FB48A7D1913EAFF002B20F1 /* CoreData.framework */ = {isa = PBXFileReference; lastKnownFileType = wrapper.framework; name = CoreData.framework; path = System/Library/Frameworks/CoreData.framework; sourceTree = SDKROOT; };
		1FB48A7E1913EAFF002B20F1 /* Foundation.framework */ = {isa = PBXFileReference; lastKnownFileType = wrapper.framework; name = Foundation.framework; path = System/Library/Frameworks/Foundation.framework; sourceTree = SDKROOT; };
		1FB48A811913EAFF002B20F1 /* Barcode Generator-Info.plist */ = {isa = PBXFileReference; lastKnownFileType = text.plist.xml; path = "Barcode Generator-Info.plist"; sourceTree = "<group>"; };
		1FB48A831913EAFF002B20F1 /* en */ = {isa = PBXFileReference; lastKnownFileType = text.plist.strings; name = en; path = en.lproj/InfoPlist.strings; sourceTree = "<group>"; };
		1FB48A851913EAFF002B20F1 /* main.m */ = {isa = PBXFileReference; lastKnownFileType = sourcecode.c.objc; path = main.m; sourceTree = "<group>"; };
		1FB48A871913EAFF002B20F1 /* Barcode Generator-Prefix.pch */ = {isa = PBXFileReference; lastKnownFileType = sourcecode.c.h; path = "Barcode Generator-Prefix.pch"; sourceTree = "<group>"; };
		1FB48A891913EAFF002B20F1 /* en */ = {isa = PBXFileReference; lastKnownFileType = text.rtf; name = en; path = en.lproj/Credits.rtf; sourceTree = "<group>"; };
		1FB48A8B1913EAFF002B20F1 /* NKDAppDelegate.h */ = {isa = PBXFileReference; lastKnownFileType = sourcecode.c.h; path = NKDAppDelegate.h; sourceTree = "<group>"; };
		1FB48A8C1913EAFF002B20F1 /* NKDAppDelegate.m */ = {isa = PBXFileReference; lastKnownFileType = sourcecode.c.objc; path = NKDAppDelegate.m; sourceTree = "<group>"; };
		1FB48A911913EAFF002B20F1 /* Images.xcassets */ = {isa = PBXFileReference; lastKnownFileType = folder.assetcatalog; path = Images.xcassets; sourceTree = "<group>"; };
		1FB48A971913EAFF002B20F1 /* Barcode GeneratorTests.xctest */ = {isa = PBXFileReference; explicitFileType = wrapper.cfbundle; includeInIndex = 0; path = "Barcode GeneratorTests.xctest"; sourceTree = BUILT_PRODUCTS_DIR; };
		1FB48A981913EAFF002B20F1 /* XCTest.framework */ = {isa = PBXFileReference; lastKnownFileType = wrapper.framework; name = XCTest.framework; path = Library/Frameworks/XCTest.framework; sourceTree = DEVELOPER_DIR; };
		1FB48A9F1913EAFF002B20F1 /* Barcode GeneratorTests-Info.plist */ = {isa = PBXFileReference; lastKnownFileType = text.plist.xml; path = "Barcode GeneratorTests-Info.plist"; sourceTree = "<group>"; };
		1FB48AA11913EAFF002B20F1 /* en */ = {isa = PBXFileReference; lastKnownFileType = text.plist.strings; name = en; path = en.lproj/InfoPlist.strings; sourceTree = "<group>"; };
		1FB48AA31913EAFF002B20F1 /* Barcode_GeneratorTests.m */ = {isa = PBXFileReference; lastKnownFileType = sourcecode.c.objc; path = Barcode_GeneratorTests.m; sourceTree = "<group>"; };
		1FB48AAE1913EB13002B20F1 /* NKDBarcodeFramework.h */ = {isa = PBXFileReference; lastKnownFileType = sourcecode.c.h; path = NKDBarcodeFramework.h; sourceTree = "<group>"; };
		1FB48AAF1913EB13002B20F1 /* NKDBarcode.h */ = {isa = PBXFileReference; lastKnownFileType = sourcecode.c.h; path = NKDBarcode.h; sourceTree = "<group>"; };
		1FB48AB01913EB13002B20F1 /* NKDCode39Barcode.h */ = {isa = PBXFileReference; lastKnownFileType = sourcecode.c.h; path = NKDCode39Barcode.h; sourceTree = "<group>"; };
		1FB48AB11913EB13002B20F1 /* NKDExtendedCode39Barcode.h */ = {isa = PBXFileReference; lastKnownFileType = sourcecode.c.h; path = NKDExtendedCode39Barcode.h; sourceTree = "<group>"; };
		1FB48AB21913EB13002B20F1 /* NKDInterleavedTwoOfFiveBarcode.h */ = {isa = PBXFileReference; lastKnownFileType = sourcecode.c.h; path = NKDInterleavedTwoOfFiveBarcode.h; sourceTree = "<group>"; };
		1FB48AB31913EB13002B20F1 /* NKDModifiedPlesseyBarcode.h */ = {isa = PBXFileReference; lastKnownFileType = sourcecode.c.h; path = NKDModifiedPlesseyBarcode.h; sourceTree = "<group>"; };
		1FB48AB41913EB13002B20F1 /* NKDPostnetBarcode.h */ = {isa = PBXFileReference; lastKnownFileType = sourcecode.c.h; path = NKDPostnetBarcode.h; sourceTree = "<group>"; };
		1FB48AB51913EB14002B20F1 /* NKDUPCABarcode.h */ = {isa = PBXFileReference; lastKnownFileType = sourcecode.c.h; path = NKDUPCABarcode.h; sourceTree = "<group>"; };
		1FB48AB61913EB14002B20F1 /* NKDModifiedPlesseyHexBarcode.h */ = {isa = PBXFileReference; lastKnownFileType = sourcecode.c.h; path = NKDModifiedPlesseyHexBarcode.h; sourceTree = "<group>"; };
		1FB48AB71913EB14002B20F1 /* NKDIndustrialTwoOfFiveBarcode.h */ = {isa = PBXFileReference; lastKnownFileType = sourcecode.c.h; path = NKDIndustrialTwoOfFiveBarcode.h; sourceTree = "<group>"; };
		1FB48AB81913EB14002B20F1 /* NKDEAN13Barcode.h */ = {isa = PBXFileReference; lastKnownFileType = sourcecode.c.h; path = NKDEAN13Barcode.h; sourceTree = "<group>"; };
		1FB48AB91913EB14002B20F1 /* NKDCode128Barcode.h */ = {isa = PBXFileReference; lastKnownFileType = sourcecode.c.h; path = NKDCode128Barcode.h; sourceTree = "<group>"; };
		1FB48ABA1913EB14002B20F1 /* NKDAbstractUPCEANBarcode.h */ = {isa = PBXFileReference; lastKnownFileType = sourcecode.c.h; path = NKDAbstractUPCEANBarcode.h; sourceTree = "<group>"; };
		1FB48ABB1913EB14002B20F1 /* NKDCodabarBarcode.h */ = {isa = PBXFileReference; lastKnownFileType = sourcecode.c.h; path = NKDCodabarBarcode.h; sourceTree = "<group>"; };
		1FB48ABC1913EB14002B20F1 /* NKDUPCEBarcode.h */ = {isa = PBXFileReference; lastKnownFileType = sourcecode.c.h; path = NKDUPCEBarcode.h; sourceTree = "<group>"; };
		1FB48ABD1913EB14002B20F1 /* NKDEAN8Barcode.h */ = {isa = PBXFileReference; lastKnownFileType = sourcecode.c.h; path = NKDEAN8Barcode.h; sourceTree = "<group>"; };
		1FB48ABE1913EB14002B20F1 /* NKDBarcodeOffscreenView.h */ = {isa = PBXFileReference; lastKnownFileType = sourcecode.c.h; path = NKDBarcodeOffscreenView.h; sourceTree = "<group>"; };
		1FB48ABF1913EB14002B20F1 /* NKDBarcodeImageView.h */ = {isa = PBXFileReference; lastKnownFileType = sourcecode.c.h; path = NKDBarcodeImageView.h; sourceTree = "<group>"; };
		1FB48AC01913EB14002B20F1 /* NKDRoyalMailBarcode.h */ = {isa = PBXFileReference; lastKnownFileType = sourcecode.c.h; path = NKDRoyalMailBarcode.h; sourceTree = "<group>"; };
		1FB48AC11913EB14002B20F1 /* NKDPlanetBarcode.h */ = {isa = PBXFileReference; lastKnownFileType = sourcecode.c.h; path = NKDPlanetBarcode.h; sourceTree = "<group>"; };
		1FB48AC21913EB14002B20F1 /* JapanPostBarcode.h */ = {isa = PBXFileReference; lastKnownFileType = sourcecode.c.h; path = JapanPostBarcode.h; sourceTree = "<group>"; };
		1FB48AC31913EB1B002B20F1 /* NKDBarcode.m */ = {isa = PBXFileReference; fileEncoding = 4; lastKnownFileType = sourcecode.c.objc; path = NKDBarcode.m; sourceTree = "<group>"; };
		1FB48AC41913EB1B002B20F1 /* NKDCode39Barcode.m */ = {isa = PBXFileReference; fileEncoding = 4; lastKnownFileType = sourcecode.c.objc; path = NKDCode39Barcode.m; sourceTree = "<group>"; };
		1FB48AC51913EB1B002B20F1 /* NKDExtendedCode39Barcode.m */ = {isa = PBXFileReference; fileEncoding = 4; lastKnownFileType = sourcecode.c.objc; path = NKDExtendedCode39Barcode.m; sourceTree = "<group>"; };
		1FB48AC61913EB1B002B20F1 /* NKDInterleavedTwoOfFiveBarcode.m */ = {isa = PBXFileReference; fileEncoding = 4; lastKnownFileType = sourcecode.c.objc; path = NKDInterleavedTwoOfFiveBarcode.m; sourceTree = "<group>"; };
		1FB48AC71913EB1B002B20F1 /* NKDModifiedPlesseyBarcode.m */ = {isa = PBXFileReference; fileEncoding = 4; lastKnownFileType = sourcecode.c.objc; path = NKDModifiedPlesseyBarcode.m; sourceTree = "<group>"; };
		1FB48AC81913EB1B002B20F1 /* NKDPostnetBarcode.m */ = {isa = PBXFileReference; fileEncoding = 4; lastKnownFileType = sourcecode.c.objc; path = NKDPostnetBarcode.m; sourceTree = "<group>"; };
		1FB48AC91913EB1B002B20F1 /* NKDUPCABarcode.m */ = {isa = PBXFileReference; fileEncoding = 4; lastKnownFileType = sourcecode.c.objc; path = NKDUPCABarcode.m; sourceTree = "<group>"; };
		1FB48ACA1913EB1B002B20F1 /* NKDModifiedPlesseyHexBarcode.m */ = {isa = PBXFileReference; fileEncoding = 4; lastKnownFileType = sourcecode.c.objc; path = NKDModifiedPlesseyHexBarcode.m; sourceTree = "<group>"; };
		1FB48ACB1913EB1B002B20F1 /* NKDIndustrialTwoOfFiveBarcode.m */ = {isa = PBXFileReference; fileEncoding = 4; lastKnownFileType = sourcecode.c.objc; path = NKDIndustrialTwoOfFiveBarcode.m; sourceTree = "<group>"; };
		1FB48ACC1913EB1B002B20F1 /* NKDEAN13Barcode.m */ = {isa = PBXFileReference; fileEncoding = 4; lastKnownFileType = sourcecode.c.objc; path = NKDEAN13Barcode.m; sourceTree = "<group>"; };
		1FB48ACD1913EB1B002B20F1 /* NKDCode128Barcode.m */ = {isa = PBXFileReference; fileEncoding = 4; lastKnownFileType = sourcecode.c.objc; path = NKDCode128Barcode.m; sourceTree = "<group>"; };
		1FB48ACE1913EB1B002B20F1 /* NKDAbstractUPCEANBarcode.m */ = {isa = PBXFileReference; fileEncoding = 4; lastKnownFileType = sourcecode.c.objc; path = NKDAbstractUPCEANBarcode.m; sourceTree = "<group>"; };
		1FB48ACF1913EB1B002B20F1 /* NKDCodabarBarcode.m */ = {isa = PBXFileReference; fileEncoding = 4; lastKnownFileType = sourcecode.c.objc; path = NKDCodabarBarcode.m; sourceTree = "<group>"; };
		1FB48AD01913EB1B002B20F1 /* NKDUPCEBarcode.m */ = {isa = PBXFileReference; fileEncoding = 4; lastKnownFileType = sourcecode.c.objc; path = NKDUPCEBarcode.m; sourceTree = "<group>"; };
		1FB48AD11913EB1B002B20F1 /* NKDEAN8Barcode.m */ = {isa = PBXFileReference; fileEncoding = 4; lastKnownFileType = sourcecode.c.objc; path = NKDEAN8Barcode.m; sourceTree = "<group>"; };
		1FB48AD21913EB1B002B20F1 /* NKDBarcodeOffscreenView.m */ = {isa = PBXFileReference; fileEncoding = 4; lastKnownFileType = sourcecode.c.objc; path = NKDBarcodeOffscreenView.m; sourceTree = "<group>"; };
		1FB48AD31913EB1B002B20F1 /* NKDBarcodeImageView.m */ = {isa = PBXFileReference; fileEncoding = 4; lastKnownFileType = sourcecode.c.objc; path = NKDBarcodeImageView.m; sourceTree = "<group>"; };
		1FB48AD41913EB1B002B20F1 /* NKDRoyalMailBarcode.m */ = {isa = PBXFileReference; fileEncoding = 4; lastKnownFileType = sourcecode.c.objc; path = NKDRoyalMailBarcode.m; sourceTree = "<group>"; };
		1FB48AD51913EB1B002B20F1 /* NKDPlanetBarcode.m */ = {isa = PBXFileReference; fileEncoding = 4; lastKnownFileType = sourcecode.c.objc; path = NKDPlanetBarcode.m; sourceTree = "<group>"; };
		1FB48AD61913EB1B002B20F1 /* JapanPostBarcode.m */ = {isa = PBXFileReference; fileEncoding = 4; lastKnownFileType = sourcecode.c.objc; path = JapanPostBarcode.m; sourceTree = "<group>"; };
		1FB48AEB1913EB25002B20F1 /* NSImage-NKDBarcode.h */ = {isa = PBXFileReference; fileEncoding = 4; lastKnownFileType = sourcecode.c.h; path = "NSImage-NKDBarcode.h"; sourceTree = "<group>"; };
		1FB48AEC1913EB25002B20F1 /* NSImage-Resolution.h */ = {isa = PBXFileReference; fileEncoding = 4; lastKnownFileType = sourcecode.c.h; path = "NSImage-Resolution.h"; sourceTree = "<group>"; };
		1FB48AED1913EB25002B20F1 /* NSString-UPCEAN.h */ = {isa = PBXFileReference; fileEncoding = 4; lastKnownFileType = sourcecode.c.h; path = "NSString-UPCEAN.h"; sourceTree = "<group>"; };
		1FB48AEE1913EB25002B20F1 /* NSImage-NKDBarcode.m */ = {isa = PBXFileReference; fileEncoding = 4; lastKnownFileType = sourcecode.c.objc; path = "NSImage-NKDBarcode.m"; sourceTree = "<group>"; };
		1FB48AEF1913EB25002B20F1 /* NSImage-Normalize.m */ = {isa = PBXFileReference; fileEncoding = 4; lastKnownFileType = sourcecode.c.objc; path = "NSImage-Normalize.m"; sourceTree = "<group>"; };
		1FB48AF01913EB25002B20F1 /* NSString-UPCEAN.m */ = {isa = PBXFileReference; fileEncoding = 4; lastKnownFileType = sourcecode.c.objc; path = "NSString-UPCEAN.m"; sourceTree = "<group>"; };
		1FB48AF41913EF6C002B20F1 /* barcode.icns */ = {isa = PBXFileReference; lastKnownFileType = image.icns; path = barcode.icns; sourceTree = "<group>"; };
		1FB48AF61913F1F8002B20F1 /* MainMenu.nib */ = {isa = PBXFileReference; lastKnownFileType = wrapper.nib; path = MainMenu.nib; sourceTree = "<group>"; };
		1FB48AF81913F241002B20F1 /* NKDBarcodeTestScaffoldController.h */ = {isa = PBXFileReference; fileEncoding = 4; lastKnownFileType = sourcecode.c.h; path = NKDBarcodeTestScaffoldController.h; sourceTree = "<group>"; };
		1FB48AF91913F241002B20F1 /* NKDBarcodeTestScaffoldController.m */ = {isa = PBXFileReference; fileEncoding = 4; lastKnownFileType = sourcecode.c.objc; path = NKDBarcodeTestScaffoldController.m; sourceTree = "<group>"; };
/* End PBXFileReference section */

/* Begin PBXFrameworksBuildPhase section */
		1FB48A731913EAFF002B20F1 /* Frameworks */ = {
			isa = PBXFrameworksBuildPhase;
			buildActionMask = 2147483647;
			files = (
				1FB48A7A1913EAFF002B20F1 /* Cocoa.framework in Frameworks */,
			);
			runOnlyForDeploymentPostprocessing = 0;
		};
		1FB48A941913EAFF002B20F1 /* Frameworks */ = {
			isa = PBXFrameworksBuildPhase;
			buildActionMask = 2147483647;
			files = (
				1FB48A9A1913EAFF002B20F1 /* Cocoa.framework in Frameworks */,
				1FB48A991913EAFF002B20F1 /* XCTest.framework in Frameworks */,
			);
			runOnlyForDeploymentPostprocessing = 0;
		};
/* End PBXFrameworksBuildPhase section */

/* Begin PBXGroup section */
		1FB48A6D1913EAFF002B20F1 = {
			isa = PBXGroup;
			children = (
				1FB48A7F1913EAFF002B20F1 /* Barcode Generator */,
				1FB48A9D1913EAFF002B20F1 /* Barcode GeneratorTests */,
				1FB48A781913EAFF002B20F1 /* Frameworks */,
				1FB48A771913EAFF002B20F1 /* Products */,
			);
			sourceTree = "<group>";
		};
		1FB48A771913EAFF002B20F1 /* Products */ = {
			isa = PBXGroup;
			children = (
				1FB48A761913EAFF002B20F1 /* Barcode Generator.app */,
				1FB48A971913EAFF002B20F1 /* Barcode GeneratorTests.xctest */,
			);
			name = Products;
			sourceTree = "<group>";
		};
		1FB48A781913EAFF002B20F1 /* Frameworks */ = {
			isa = PBXGroup;
			children = (
				1FB48A791913EAFF002B20F1 /* Cocoa.framework */,
				1FB48A981913EAFF002B20F1 /* XCTest.framework */,
				1FB48A7B1913EAFF002B20F1 /* Other Frameworks */,
			);
			name = Frameworks;
			sourceTree = "<group>";
		};
		1FB48A7B1913EAFF002B20F1 /* Other Frameworks */ = {
			isa = PBXGroup;
			children = (
				1FB48A7C1913EAFF002B20F1 /* AppKit.framework */,
				1FB48A7D1913EAFF002B20F1 /* CoreData.framework */,
				1FB48A7E1913EAFF002B20F1 /* Foundation.framework */,
			);
			name = "Other Frameworks";
			sourceTree = "<group>";
		};
		1FB48A7F1913EAFF002B20F1 /* Barcode Generator */ = {
			isa = PBXGroup;
			children = (
				1FB48AF81913F241002B20F1 /* NKDBarcodeTestScaffoldController.h */,
				1FB48AF91913F241002B20F1 /* NKDBarcodeTestScaffoldController.m */,
				1FB48AAD1913EB0A002B20F1 /* Source */,
				1FB48A8B1913EAFF002B20F1 /* NKDAppDelegate.h */,
				1FB48A8C1913EAFF002B20F1 /* NKDAppDelegate.m */,
				1FB48AF61913F1F8002B20F1 /* MainMenu.nib */,
				1FB48A911913EAFF002B20F1 /* Images.xcassets */,
				1FB48A801913EAFF002B20F1 /* Supporting Files */,
			);
			path = "Barcode Generator";
			sourceTree = "<group>";
		};
		1FB48A801913EAFF002B20F1 /* Supporting Files */ = {
			isa = PBXGroup;
			children = (
				1FB48AF41913EF6C002B20F1 /* barcode.icns */,
				1FB48A811913EAFF002B20F1 /* Barcode Generator-Info.plist */,
				1FB48A821913EAFF002B20F1 /* InfoPlist.strings */,
				1FB48A851913EAFF002B20F1 /* main.m */,
				1FB48A871913EAFF002B20F1 /* Barcode Generator-Prefix.pch */,
				1FB48A881913EAFF002B20F1 /* Credits.rtf */,
			);
			name = "Supporting Files";
			sourceTree = "<group>";
		};
		1FB48A9D1913EAFF002B20F1 /* Barcode GeneratorTests */ = {
			isa = PBXGroup;
			children = (
				1FB48AA31913EAFF002B20F1 /* Barcode_GeneratorTests.m */,
				1FB48A9E1913EAFF002B20F1 /* Supporting Files */,
			);
			path = "Barcode GeneratorTests";
			sourceTree = "<group>";
		};
		1FB48A9E1913EAFF002B20F1 /* Supporting Files */ = {
			isa = PBXGroup;
			children = (
				1FB48A9F1913EAFF002B20F1 /* Barcode GeneratorTests-Info.plist */,
				1FB48AA01913EAFF002B20F1 /* InfoPlist.strings */,
			);
			name = "Supporting Files";
			sourceTree = "<group>";
		};
		1FB48AAD1913EB0A002B20F1 /* Source */ = {
			isa = PBXGroup;
			children = (
				1FB48AAE1913EB13002B20F1 /* NKDBarcodeFramework.h */,
				1FB48AC21913EB14002B20F1 /* JapanPostBarcode.h */,
				1FB48AD61913EB1B002B20F1 /* JapanPostBarcode.m */,
				1FB48ABA1913EB14002B20F1 /* NKDAbstractUPCEANBarcode.h */,
				1FB48ACE1913EB1B002B20F1 /* NKDAbstractUPCEANBarcode.m */,
				1FB48AAF1913EB13002B20F1 /* NKDBarcode.h */,
				1FB48AC31913EB1B002B20F1 /* NKDBarcode.m */,
				1FB48ABF1913EB14002B20F1 /* NKDBarcodeImageView.h */,
				1FB48AD31913EB1B002B20F1 /* NKDBarcodeImageView.m */,
				1FB48ABE1913EB14002B20F1 /* NKDBarcodeOffscreenView.h */,
				1FB48AD21913EB1B002B20F1 /* NKDBarcodeOffscreenView.m */,
				1FB48ABB1913EB14002B20F1 /* NKDCodabarBarcode.h */,
				1FB48ACF1913EB1B002B20F1 /* NKDCodabarBarcode.m */,
				1FB48AB91913EB14002B20F1 /* NKDCode128Barcode.h */,
				1FB48ACD1913EB1B002B20F1 /* NKDCode128Barcode.m */,
				1FB48AB01913EB13002B20F1 /* NKDCode39Barcode.h */,
				1FB48AC41913EB1B002B20F1 /* NKDCode39Barcode.m */,
				1FB48AB81913EB14002B20F1 /* NKDEAN13Barcode.h */,
				1FB48ACC1913EB1B002B20F1 /* NKDEAN13Barcode.m */,
				1FB48ABD1913EB14002B20F1 /* NKDEAN8Barcode.h */,
				1FB48AD11913EB1B002B20F1 /* NKDEAN8Barcode.m */,
				1FB48AB11913EB13002B20F1 /* NKDExtendedCode39Barcode.h */,
				1FB48AC51913EB1B002B20F1 /* NKDExtendedCode39Barcode.m */,
				1FB48AB71913EB14002B20F1 /* NKDIndustrialTwoOfFiveBarcode.h */,
				1FB48ACB1913EB1B002B20F1 /* NKDIndustrialTwoOfFiveBarcode.m */,
				1FB48AB21913EB13002B20F1 /* NKDInterleavedTwoOfFiveBarcode.h */,
				1FB48AC61913EB1B002B20F1 /* NKDInterleavedTwoOfFiveBarcode.m */,
				1FB48AB31913EB13002B20F1 /* NKDModifiedPlesseyBarcode.h */,
				1FB48AC71913EB1B002B20F1 /* NKDModifiedPlesseyBarcode.m */,
				1FB48AB61913EB14002B20F1 /* NKDModifiedPlesseyHexBarcode.h */,
				1FB48ACA1913EB1B002B20F1 /* NKDModifiedPlesseyHexBarcode.m */,
				1FB48AC11913EB14002B20F1 /* NKDPlanetBarcode.h */,
				1FB48AD51913EB1B002B20F1 /* NKDPlanetBarcode.m */,
				1FB48AB41913EB13002B20F1 /* NKDPostnetBarcode.h */,
				1FB48AC81913EB1B002B20F1 /* NKDPostnetBarcode.m */,
				1FB48AC01913EB14002B20F1 /* NKDRoyalMailBarcode.h */,
				1FB48AD41913EB1B002B20F1 /* NKDRoyalMailBarcode.m */,
				1FB48AB51913EB14002B20F1 /* NKDUPCABarcode.h */,
				1FB48AC91913EB1B002B20F1 /* NKDUPCABarcode.m */,
				1FB48ABC1913EB14002B20F1 /* NKDUPCEBarcode.h */,
				1FB48AD01913EB1B002B20F1 /* NKDUPCEBarcode.m */,
				1FB48AEB1913EB25002B20F1 /* NSImage-NKDBarcode.h */,
				1FB48AEE1913EB25002B20F1 /* NSImage-NKDBarcode.m */,
				1FB48AEF1913EB25002B20F1 /* NSImage-Normalize.m */,
				1FB48AEC1913EB25002B20F1 /* NSImage-Resolution.h */,
				1FB48AED1913EB25002B20F1 /* NSString-UPCEAN.h */,
				1FB48AF01913EB25002B20F1 /* NSString-UPCEAN.m */,
			);
			name = Source;
			sourceTree = "<group>";
		};
/* End PBXGroup section */

/* Begin PBXNativeTarget section */
		1FB48A751913EAFF002B20F1 /* Barcode Generator */ = {
			isa = PBXNativeTarget;
			buildConfigurationList = 1FB48AA71913EAFF002B20F1 /* Build configuration list for PBXNativeTarget "Barcode Generator" */;
			buildPhases = (
				1FB48A721913EAFF002B20F1 /* Sources */,
				1FB48A731913EAFF002B20F1 /* Frameworks */,
				1FB48A741913EAFF002B20F1 /* Resources */,
			);
			buildRules = (
			);
			dependencies = (
			);
			name = "Barcode Generator";
			productName = "Barcode Generator";
			productReference = 1FB48A761913EAFF002B20F1 /* Barcode Generator.app */;
			productType = "com.apple.product-type.application";
		};
		1FB48A961913EAFF002B20F1 /* Barcode GeneratorTests */ = {
			isa = PBXNativeTarget;
			buildConfigurationList = 1FB48AAA1913EAFF002B20F1 /* Build configuration list for PBXNativeTarget "Barcode GeneratorTests" */;
			buildPhases = (
				1FB48A931913EAFF002B20F1 /* Sources */,
				1FB48A941913EAFF002B20F1 /* Frameworks */,
				1FB48A951913EAFF002B20F1 /* Resources */,
			);
			buildRules = (
			);
			dependencies = (
				1FB48A9C1913EAFF002B20F1 /* PBXTargetDependency */,
			);
			name = "Barcode GeneratorTests";
			productName = "Barcode GeneratorTests";
			productReference = 1FB48A971913EAFF002B20F1 /* Barcode GeneratorTests.xctest */;
			productType = "com.apple.product-type.bundle.unit-test";
		};
/* End PBXNativeTarget section */

/* Begin PBXProject section */
		1FB48A6E1913EAFF002B20F1 /* Project object */ = {
			isa = PBXProject;
			attributes = {
				CLASSPREFIX = NKD;
				LastUpgradeCheck = 0510;
				ORGANIZATIONNAME = "Jeff LaMarche";
				TargetAttributes = {
					1FB48A961913EAFF002B20F1 = {
						TestTargetID = 1FB48A751913EAFF002B20F1;
					};
				};
			};
			buildConfigurationList = 1FB48A711913EAFF002B20F1 /* Build configuration list for PBXProject "Barcode Generator" */;
			compatibilityVersion = "Xcode 3.2";
			developmentRegion = English;
			hasScannedForEncodings = 0;
			knownRegions = (
				en,
				Base,
			);
			mainGroup = 1FB48A6D1913EAFF002B20F1;
			productRefGroup = 1FB48A771913EAFF002B20F1 /* Products */;
			projectDirPath = "";
			projectRoot = "";
			targets = (
				1FB48A751913EAFF002B20F1 /* Barcode Generator */,
				1FB48A961913EAFF002B20F1 /* Barcode GeneratorTests */,
			);
		};
/* End PBXProject section */

/* Begin PBXResourcesBuildPhase section */
		1FB48A741913EAFF002B20F1 /* Resources */ = {
			isa = PBXResourcesBuildPhase;
			buildActionMask = 2147483647;
			files = (
				1FB48A841913EAFF002B20F1 /* InfoPlist.strings in Resources */,
				1FB48A921913EAFF002B20F1 /* Images.xcassets in Resources */,
				1FB48A8A1913EAFF002B20F1 /* Credits.rtf in Resources */,
				1FB48AF71913F1F8002B20F1 /* MainMenu.nib in Resources */,
				1FB48AF51913EF6C002B20F1 /* barcode.icns in Resources */,
			);
			runOnlyForDeploymentPostprocessing = 0;
		};
		1FB48A951913EAFF002B20F1 /* Resources */ = {
			isa = PBXResourcesBuildPhase;
			buildActionMask = 2147483647;
			files = (
				1FB48AA21913EAFF002B20F1 /* InfoPlist.strings in Resources */,
			);
			runOnlyForDeploymentPostprocessing = 0;
		};
/* End PBXResourcesBuildPhase section */

/* Begin PBXSourcesBuildPhase section */
		1FB48A721913EAFF002B20F1 /* Sources */ = {
			isa = PBXSourcesBuildPhase;
			buildActionMask = 2147483647;
			files = (
				1FB48AFA1913F241002B20F1 /* NKDBarcodeTestScaffoldController.m in Sources */,
				1FB48AE71913EB1B002B20F1 /* NKDBarcodeImageView.m in Sources */,
				1FB48ADC1913EB1B002B20F1 /* NKDPostnetBarcode.m in Sources */,
				1FB48AE91913EB1B002B20F1 /* NKDPlanetBarcode.m in Sources */,
				1FB48AE51913EB1B002B20F1 /* NKDEAN8Barcode.m in Sources */,
				1FB48ADE1913EB1B002B20F1 /* NKDModifiedPlesseyHexBarcode.m in Sources */,
				1FB48AF31913EB25002B20F1 /* NSString-UPCEAN.m in Sources */,
				1FB48ADF1913EB1B002B20F1 /* NKDIndustrialTwoOfFiveBarcode.m in Sources */,
				1FB48ADB1913EB1B002B20F1 /* NKDModifiedPlesseyBarcode.m in Sources */,
				1FB48ADA1913EB1B002B20F1 /* NKDInterleavedTwoOfFiveBarcode.m in Sources */,
				1FB48AE41913EB1B002B20F1 /* NKDUPCEBarcode.m in Sources */,
				1FB48AEA1913EB1B002B20F1 /* JapanPostBarcode.m in Sources */,
				1FB48A8D1913EAFF002B20F1 /* NKDAppDelegate.m in Sources */,
				1FB48AE21913EB1B002B20F1 /* NKDAbstractUPCEANBarcode.m in Sources */,
				1FB48AE11913EB1B002B20F1 /* NKDCode128Barcode.m in Sources */,
				1FB48AE81913EB1B002B20F1 /* NKDRoyalMailBarcode.m in Sources */,
				1FB48AD81913EB1B002B20F1 /* NKDCode39Barcode.m in Sources */,
				1FB48AE61913EB1B002B20F1 /* NKDBarcodeOffscreenView.m in Sources */,
				1FB48AF21913EB25002B20F1 /* NSImage-Normalize.m in Sources */,
				1FB48AD91913EB1B002B20F1 /* NKDExtendedCode39Barcode.m in Sources */,
				1FB48A861913EAFF002B20F1 /* main.m in Sources */,
				1FB48AF11913EB25002B20F1 /* NSImage-NKDBarcode.m in Sources */,
				1FB48AE01913EB1B002B20F1 /* NKDEAN13Barcode.m in Sources */,
				1FB48ADD1913EB1B002B20F1 /* NKDUPCABarcode.m in Sources */,
				1FB48AD71913EB1B002B20F1 /* NKDBarcode.m in Sources */,
				1FB48AE31913EB1B002B20F1 /* NKDCodabarBarcode.m in Sources */,
			);
			runOnlyForDeploymentPostprocessing = 0;
		};
		1FB48A931913EAFF002B20F1 /* Sources */ = {
			isa = PBXSourcesBuildPhase;
			buildActionMask = 2147483647;
			files = (
				1FB48AA41913EAFF002B20F1 /* Barcode_GeneratorTests.m in Sources */,
			);
			runOnlyForDeploymentPostprocessing = 0;
		};
/* End PBXSourcesBuildPhase section */

/* Begin PBXTargetDependency section */
		1FB48A9C1913EAFF002B20F1 /* PBXTargetDependency */ = {
			isa = PBXTargetDependency;
			target = 1FB48A751913EAFF002B20F1 /* Barcode Generator */;
			targetProxy = 1FB48A9B1913EAFF002B20F1 /* PBXContainerItemProxy */;
		};
/* End PBXTargetDependency section */

/* Begin PBXVariantGroup section */
		1FB48A821913EAFF002B20F1 /* InfoPlist.strings */ = {
			isa = PBXVariantGroup;
			children = (
				1FB48A831913EAFF002B20F1 /* en */,
			);
			name = InfoPlist.strings;
			sourceTree = "<group>";
		};
		1FB48A881913EAFF002B20F1 /* Credits.rtf */ = {
			isa = PBXVariantGroup;
			children = (
				1FB48A891913EAFF002B20F1 /* en */,
			);
			name = Credits.rtf;
			sourceTree = "<group>";
		};
		1FB48AA01913EAFF002B20F1 /* InfoPlist.strings */ = {
			isa = PBXVariantGroup;
			children = (
				1FB48AA11913EAFF002B20F1 /* en */,
			);
			name = InfoPlist.strings;
			sourceTree = "<group>";
		};
/* End PBXVariantGroup section */

/* Begin XCBuildConfiguration section */
		1FB48AA51913EAFF002B20F1 /* Debug */ = {
			isa = XCBuildConfiguration;
			buildSettings = {
				ALWAYS_SEARCH_USER_PATHS = NO;
				CLANG_CXX_LANGUAGE_STANDARD = "gnu++0x";
				CLANG_CXX_LIBRARY = "libc++";
				CLANG_ENABLE_MODULES = YES;
				CLANG_ENABLE_OBJC_ARC = YES;
				CLANG_WARN_BOOL_CONVERSION = YES;
				CLANG_WARN_CONSTANT_CONVERSION = YES;
				CLANG_WARN_DIRECT_OBJC_ISA_USAGE = YES_ERROR;
				CLANG_WARN_EMPTY_BODY = YES;
				CLANG_WARN_ENUM_CONVERSION = YES;
				CLANG_WARN_INT_CONVERSION = YES;
				CLANG_WARN_OBJC_ROOT_CLASS = YES_ERROR;
				CLANG_WARN__DUPLICATE_METHOD_MATCH = YES;
				COPY_PHASE_STRIP = NO;
				GCC_C_LANGUAGE_STANDARD = gnu99;
				GCC_DYNAMIC_NO_PIC = NO;
				GCC_ENABLE_OBJC_EXCEPTIONS = YES;
				GCC_OPTIMIZATION_LEVEL = 0;
				GCC_PREPROCESSOR_DEFINITIONS = (
					"DEBUG=1",
					"$(inherited)",
				);
				GCC_SYMBOLS_PRIVATE_EXTERN = NO;
				GCC_WARN_64_TO_32_BIT_CONVERSION = YES;
				GCC_WARN_ABOUT_RETURN_TYPE = YES_ERROR;
				GCC_WARN_UNDECLARED_SELECTOR = YES;
				GCC_WARN_UNINITIALIZED_AUTOS = YES_AGGRESSIVE;
				GCC_WARN_UNUSED_FUNCTION = YES;
				GCC_WARN_UNUSED_VARIABLE = YES;
				MACOSX_DEPLOYMENT_TARGET = 10.9;
				ONLY_ACTIVE_ARCH = YES;
				SDKROOT = macosx;
			};
			name = Debug;
		};
		1FB48AA61913EAFF002B20F1 /* Release */ = {
			isa = XCBuildConfiguration;
			buildSettings = {
				ALWAYS_SEARCH_USER_PATHS = NO;
				CLANG_CXX_LANGUAGE_STANDARD = "gnu++0x";
				CLANG_CXX_LIBRARY = "libc++";
				CLANG_ENABLE_MODULES = YES;
				CLANG_ENABLE_OBJC_ARC = YES;
				CLANG_WARN_BOOL_CONVERSION = YES;
				CLANG_WARN_CONSTANT_CONVERSION = YES;
				CLANG_WARN_DIRECT_OBJC_ISA_USAGE = YES_ERROR;
				CLANG_WARN_EMPTY_BODY = YES;
				CLANG_WARN_ENUM_CONVERSION = YES;
				CLANG_WARN_INT_CONVERSION = YES;
				CLANG_WARN_OBJC_ROOT_CLASS = YES_ERROR;
				CLANG_WARN__DUPLICATE_METHOD_MATCH = YES;
				COPY_PHASE_STRIP = YES;
				DEBUG_INFORMATION_FORMAT = "dwarf-with-dsym";
				ENABLE_NS_ASSERTIONS = NO;
				GCC_C_LANGUAGE_STANDARD = gnu99;
				GCC_ENABLE_OBJC_EXCEPTIONS = YES;
				GCC_WARN_64_TO_32_BIT_CONVERSION = YES;
				GCC_WARN_ABOUT_RETURN_TYPE = YES_ERROR;
				GCC_WARN_UNDECLARED_SELECTOR = YES;
				GCC_WARN_UNINITIALIZED_AUTOS = YES_AGGRESSIVE;
				GCC_WARN_UNUSED_FUNCTION = YES;
				GCC_WARN_UNUSED_VARIABLE = YES;
				MACOSX_DEPLOYMENT_TARGET = 10.9;
				SDKROOT = macosx;
			};
			name = Release;
		};
		1FB48AA81913EAFF002B20F1 /* Debug */ = {
			isa = XCBuildConfiguration;
			buildSettings = {
				ASSETCATALOG_COMPILER_APPICON_NAME = AppIcon;
				COMBINE_HIDPI_IMAGES = YES;
				GCC_PRECOMPILE_PREFIX_HEADER = YES;
				GCC_PREFIX_HEADER = "Barcode Generator/Barcode Generator-Prefix.pch";
				INFOPLIST_FILE = "Barcode Generator/Barcode Generator-Info.plist";
				PRODUCT_NAME = "$(TARGET_NAME)";
				WRAPPER_EXTENSION = app;
			};
			name = Debug;
		};
		1FB48AA91913EAFF002B20F1 /* Release */ = {
			isa = XCBuildConfiguration;
			buildSettings = {
				ASSETCATALOG_COMPILER_APPICON_NAME = AppIcon;
				COMBINE_HIDPI_IMAGES = YES;
				GCC_PRECOMPILE_PREFIX_HEADER = YES;
				GCC_PREFIX_HEADER = "Barcode Generator/Barcode Generator-Prefix.pch";
				INFOPLIST_FILE = "Barcode Generator/Barcode Generator-Info.plist";
				PRODUCT_NAME = "$(TARGET_NAME)";
				WRAPPER_EXTENSION = app;
			};
			name = Release;
		};
		1FB48AAB1913EAFF002B20F1 /* Debug */ = {
			isa = XCBuildConfiguration;
			buildSettings = {
				BUNDLE_LOADER = "$(BUILT_PRODUCTS_DIR)/Barcode Generator.app/Contents/MacOS/Barcode Generator";
				COMBINE_HIDPI_IMAGES = YES;
				FRAMEWORK_SEARCH_PATHS = (
					"$(DEVELOPER_FRAMEWORKS_DIR)",
					"$(inherited)",
				);
				GCC_PRECOMPILE_PREFIX_HEADER = YES;
				GCC_PREFIX_HEADER = "Barcode Generator/Barcode Generator-Prefix.pch";
				GCC_PREPROCESSOR_DEFINITIONS = (
					"DEBUG=1",
					"$(inherited)",
				);
				INFOPLIST_FILE = "Barcode GeneratorTests/Barcode GeneratorTests-Info.plist";
				PRODUCT_NAME = "$(TARGET_NAME)";
				TEST_HOST = "$(BUNDLE_LOADER)";
				WRAPPER_EXTENSION = xctest;
			};
			name = Debug;
		};
		1FB48AAC1913EAFF002B20F1 /* Release */ = {
			isa = XCBuildConfiguration;
			buildSettings = {
				BUNDLE_LOADER = "$(BUILT_PRODUCTS_DIR)/Barcode Generator.app/Contents/MacOS/Barcode Generator";
				COMBINE_HIDPI_IMAGES = YES;
				FRAMEWORK_SEARCH_PATHS = (
					"$(DEVELOPER_FRAMEWORKS_DIR)",
					"$(inherited)",
				);
				GCC_PRECOMPILE_PREFIX_HEADER = YES;
				GCC_PREFIX_HEADER = "Barcode Generator/Barcode Generator-Prefix.pch";
				INFOPLIST_FILE = "Barcode GeneratorTests/Barcode GeneratorTests-Info.plist";
				PRODUCT_NAME = "$(TARGET_NAME)";
				TEST_HOST = "$(BUNDLE_LOADER)";
				WRAPPER_EXTENSION = xctest;
			};
			name = Release;
		};
/* End XCBuildConfiguration section */

/* Begin XCConfigurationList section */
		1FB48A711913EAFF002B20F1 /* Build configuration list for PBXProject "Barcode Generator" */ = {
			isa = XCConfigurationList;
			buildConfigurations = (
				1FB48AA51913EAFF002B20F1 /* Debug */,
				1FB48AA61913EAFF002B20F1 /* Release */,
			);
			defaultConfigurationIsVisible = 0;
			defaultConfigurationName = Release;
		};
		1FB48AA71913EAFF002B20F1 /* Build configuration list for PBXNativeTarget "Barcode Generator" */ = {
			isa = XCConfigurationList;
			buildConfigurations = (
				1FB48AA81913EAFF002B20F1 /* Debug */,
				1FB48AA91913EAFF002B20F1 /* Release */,
			);
			defaultConfigurationIsVisible = 0;
		};
		1FB48AAA1913EAFF002B20F1 /* Build configuration list for PBXNativeTarget "Barcode GeneratorTests" */ = {
			isa = XCConfigurationList;
			buildConfigurations = (
				1FB48AAB1913EAFF002B20F1 /* Debug */,
				1FB48AAC1913EAFF002B20F1 /* Release */,
			);
			defaultConfigurationIsVisible = 0;
		};
/* End XCConfigurationList section */
	};
	rootObject = 1FB48A6E1913EAFF002B20F1 /* Project object */;
}
